{
    "_meta": {
        "hash": {
            "sha256": "754bac5327b6989d44a24271c62285b9279a260b4ffeab272a93e519f4cf7fd6"
        },
        "pipfile-spec": 6,
        "requires": {
            "python_version": "3.6.4"
        },
        "sources": [
            {
                "name": "pypi",
                "url": "https://pypi.python.org/simple",
                "verify_ssl": true
            }
        ]
    },
    "default": {},
    "develop": {}
}
